
Microsoft Visual Studio Solution File, Format Version 12.00
# Visual Studio Version 17
VisualStudioVersion = 17.5.33516.290
MinimumVisualStudioVersion = 10.0.40219.1
Project("{9A19103F-16F7-4668-BE54-9A1E7A4F7556}") = "Probotbor.S7", "Probotbor.S7\Probotbor.S7.csproj", "{9BF56243-B266-4B56-8C7D-4436DC0F8A09}"
EndProject
Project("{9A19103F-16F7-4668-BE54-9A1E7A4F7556}") = "Probotbor.Core", "Probotbor.Core\Probotbor.Core.csproj", "{2B491A75-B81A-43E5-B215-8D6EB4256863}"
EndProject
Project("{FAE04EC0-301F-11D3-BF4B-00C04F79EFBC}") = "Probotbor.View", "Probotbor.View\Probotbor.View.csproj", "{0AFF7172-EA7A-41D5-82F7-51679966A2F2}"
EndProject
Global
	GlobalSection(SolutionConfigurationPlatforms) = preSolution
		Debug|Any CPU = Debug|Any CPU
		Release|Any CPU = Release|Any CPU
	EndGlobalSection
	GlobalSection(ProjectConfigurationPlatforms) = postSolution
		{9BF56243-B266-4B56-8C7D-4436DC0F8A09}.Debug|Any CPU.ActiveCfg = Debug|Any CPU
		{9BF56243-B266-4B56-8C7D-4436DC0F8A09}.Debug|Any CPU.Build.0 = Debug|Any CPU
		{9BF56243-B266-4B56-8C7D-4436DC0F8A09}.Release|Any CPU.ActiveCfg = Release|Any CPU
		{9BF56243-B266-4B56-8C7D-4436DC0F8A09}.Release|Any CPU.Build.0 = Release|Any CPU
		{2B491A75-B81A-43E5-B215-8D6EB4256863}.Debug|Any CPU.ActiveCfg = Debug|Any CPU
		{2B491A75-B81A-43E5-B215-8D6EB4256863}.Debug|Any CPU.Build.0 = Debug|Any CPU
		{2B491A75-B81A-43E5-B215-8D6EB4256863}.Release|Any CPU.ActiveCfg = Release|Any CPU
		{2B491A75-B81A-43E5-B215-8D6EB4256863}.Release|Any CPU.Build.0 = Release|Any CPU
		{0AFF7172-EA7A-41D5-82F7-51679966A2F2}.Debug|Any CPU.ActiveCfg = Debug|Any CPU
		{0AFF7172-EA7A-41D5-82F7-51679966A2F2}.Debug|Any CPU.Build.0 = Debug|Any CPU
		{0AFF7172-EA7A-41D5-82F7-51679966A2F2}.Release|Any CPU.ActiveCfg = Release|Any CPU
		{0AFF7172-EA7A-41D5-82F7-51679966A2F2}.Release|Any CPU.Build.0 = Release|Any CPU
	EndGlobalSection
	GlobalSection(SolutionProperties) = preSolution
		HideSolutionNode = FALSE
	EndGlobalSection
	GlobalSection(ExtensibilityGlobals) = postSolution
		SolutionGuid = {2F171DB5-3813-4759-9F45-778C468249DC}
	EndGlobalSection
EndGlobal
